// !$*UTF8*$!
{
	archiveVersion = 1;
	classes = {
	};
	objectVersion = 56;
	objects = {

/* Begin PBXBuildFile section */
		094DA3ED2BB7AECE009BE8BC /* AppDelegate.swift in Sources */ = {isa = PBXBuildFile; fileRef = 094DA3EC2BB7AECE009BE8BC /* AppDelegate.swift */; };
		094DA3EF2BB7AECE009BE8BC /* SceneDelegate.swift in Sources */ = {isa = PBXBuildFile; fileRef = 094DA3EE2BB7AECE009BE8BC /* SceneDelegate.swift */; };
		094DA3F12BB7AECE009BE8BC /* ViewController.swift in Sources */ = {isa = PBXBuildFile; fileRef = 094DA3F02BB7AECE009BE8BC /* ViewController.swift */; };
		094DA3F42BB7AECE009BE8BC /* Main.storyboard in Resources */ = {isa = PBXBuildFile; fileRef = 094DA3F22BB7AECE009BE8BC /* Main.storyboard */; };
		094DA3F62BB7AED0009BE8BC /* Assets.xcassets in Resources */ = {isa = PBXBuildFile; fileRef = 094DA3F52BB7AED0009BE8BC /* Assets.xcassets */; };
		094DA3F92BB7AED0009BE8BC /* LaunchScreen.storyboard in Resources */ = {isa = PBXBuildFile; fileRef = 094DA3F72BB7AED0009BE8BC /* LaunchScreen.storyboard */; };
		094DA4012BB7AF0D009BE8BC /* Router.swift in Sources */ = {isa = PBXBuildFile; fileRef = 094DA4002BB7AF0D009BE8BC /* Router.swift */; };
		094DA4032BB7AF1F009BE8BC /* Interactor.swift in Sources */ = {isa = PBXBuildFile; fileRef = 094DA4022BB7AF1F009BE8BC /* Interactor.swift */; };
		094DA4052BB7AF35009BE8BC /* TableViewCell.swift in Sources */ = {isa = PBXBuildFile; fileRef = 094DA4042BB7AF35009BE8BC /* TableViewCell.swift */; };
		094DA4072BB7AF50009BE8BC /* Presenter.swift in Sources */ = {isa = PBXBuildFile; fileRef = 094DA4062BB7AF50009BE8BC /* Presenter.swift */; };
		094DA4092BB7AF65009BE8BC /* Service.swift in Sources */ = {isa = PBXBuildFile; fileRef = 094DA4082BB7AF65009BE8BC /* Service.swift */; };
/* End PBXBuildFile section */

/* Begin PBXFileReference section */
		094DA3E92BB7AECE009BE8BC /* Services.app */ = {isa = PBXFileReference; explicitFileType = wrapper.application; includeInIndex = 0; path = Services.app; sourceTree = BUILT_PRODUCTS_DIR; };
		094DA3EC2BB7AECE009BE8BC /* AppDelegate.swift */ = {isa = PBXFileReference; lastKnownFileType = sourcecode.swift; path = AppDelegate.swift; sourceTree = "<group>"; };
		094DA3EE2BB7AECE009BE8BC /* SceneDelegate.swift */ = {isa = PBXFileReference; lastKnownFileType = sourcecode.swift; path = SceneDelegate.swift; sourceTree = "<group>"; };
		094DA3F02BB7AECE009BE8BC /* ViewController.swift */ = {isa = PBXFileReference; lastKnownFileType = sourcecode.swift; path = ViewController.swift; sourceTree = "<group>"; };
		094DA3F32BB7AECE009BE8BC /* Base */ = {isa = PBXFileReference; lastKnownFileType = file.storyboard; name = Base; path = Base.lproj/Main.storyboard; sourceTree = "<group>"; };
		094DA3F52BB7AED0009BE8BC /* Assets.xcassets */ = {isa = PBXFileReference; lastKnownFileType = folder.assetcatalog; path = Assets.xcassets; sourceTree = "<group>"; };
		094DA3F82BB7AED0009BE8BC /* Base */ = {isa = PBXFileReference; lastKnownFileType = file.storyboard; name = Base; path = Base.lproj/LaunchScreen.storyboard; sourceTree = "<group>"; };
		094DA3FA2BB7AED0009BE8BC /* Info.plist */ = {isa = PBXFileReference; lastKnownFileType = text.plist.xml; path = Info.plist; sourceTree = "<group>"; };
		094DA4002BB7AF0D009BE8BC /* Router.swift */ = {isa = PBXFileReference; lastKnownFileType = sourcecode.swift; path = Router.swift; sourceTree = "<group>"; };
		094DA4022BB7AF1F009BE8BC /* Interactor.swift */ = {isa = PBXFileReference; lastKnownFileType = sourcecode.swift; path = Interactor.swift; sourceTree = "<group>"; };
		094DA4042BB7AF35009BE8BC /* TableViewCell.swift */ = {isa = PBXFileReference; lastKnownFileType = sourcecode.swift; path = TableViewCell.swift; sourceTree = "<group>"; };
		094DA4062BB7AF50009BE8BC /* Presenter.swift */ = {isa = PBXFileReference; lastKnownFileType = sourcecode.swift; path = Presenter.swift; sourceTree = "<group>"; };
		094DA4082BB7AF65009BE8BC /* Service.swift */ = {isa = PBXFileReference; lastKnownFileType = sourcecode.swift; path = Service.swift; sourceTree = "<group>"; };
/* End PBXFileReference section */

/* Begin PBXFrameworksBuildPhase section */
		094DA3E62BB7AECE009BE8BC /* Frameworks */ = {
			isa = PBXFrameworksBuildPhase;
			buildActionMask = 2147483647;
			files = (
			);
			runOnlyForDeploymentPostprocessing = 0;
		};
/* End PBXFrameworksBuildPhase section */

/* Begin PBXGroup section */
		094DA3E02BB7AECE009BE8BC = {
			isa = PBXGroup;
			children = (
				094DA3EB2BB7AECE009BE8BC /* Services */,
				094DA3EA2BB7AECE009BE8BC /* Products */,
			);
			sourceTree = "<group>";
		};
		094DA3EA2BB7AECE009BE8BC /* Products */ = {
			isa = PBXGroup;
			children = (
				094DA3E92BB7AECE009BE8BC /* Services.app */,
			);
			name = Products;
			sourceTree = "<group>";
		};
		094DA3EB2BB7AECE009BE8BC /* Services */ = {
			isa = PBXGroup;
			children = (
				094DA3EC2BB7AECE009BE8BC /* AppDelegate.swift */,
				094DA3EE2BB7AECE009BE8BC /* SceneDelegate.swift */,
				094DA4082BB7AF65009BE8BC /* Service.swift */,
				094DA3F02BB7AECE009BE8BC /* ViewController.swift */,
				094DA4042BB7AF35009BE8BC /* TableViewCell.swift */,
				094DA4002BB7AF0D009BE8BC /* Router.swift */,
				094DA4022BB7AF1F009BE8BC /* Interactor.swift */,
				094DA4062BB7AF50009BE8BC /* Presenter.swift */,
				094DA3F22BB7AECE009BE8BC /* Main.storyboard */,
				094DA3F52BB7AED0009BE8BC /* Assets.xcassets */,
				094DA3F72BB7AED0009BE8BC /* LaunchScreen.storyboard */,
				094DA3FA2BB7AED0009BE8BC /* Info.plist */,
			);
			path = Services;
			sourceTree = "<group>";
		};
/* End PBXGroup section */

/* Begin PBXNativeTarget section */
		094DA3E82BB7AECE009BE8BC /* Services */ = {
			isa = PBXNativeTarget;
			buildConfigurationList = 094DA3FD2BB7AED0009BE8BC /* Build configuration list for PBXNativeTarget "Services" */;
			buildPhases = (
				094DA3E52BB7AECE009BE8BC /* Sources */,
				094DA3E62BB7AECE009BE8BC /* Frameworks */,
				094DA3E72BB7AECE009BE8BC /* Resources */,
			);
			buildRules = (
			);
			dependencies = (
			);
			name = Services;
			productName = Services;
			productReference = 094DA3E92BB7AECE009BE8BC /* Services.app */;
			productType = "com.apple.product-type.application";
		};
/* End PBXNativeTarget section */

/* Begin PBXProject section */
		094DA3E12BB7AECE009BE8BC /* Project object */ = {
			isa = PBXProject;
			attributes = {
				BuildIndependentTargetsInParallel = 1;
				LastSwiftUpdateCheck = 1520;
				LastUpgradeCheck = 1520;
				TargetAttributes = {
					094DA3E82BB7AECE009BE8BC = {
						CreatedOnToolsVersion = 15.2;
					};
				};
			};
			buildConfigurationList = 094DA3E42BB7AECE009BE8BC /* Build configuration list for PBXProject "Services" */;
			compatibilityVersion = "Xcode 14.0";
			developmentRegion = en;
			hasScannedForEncodings = 0;
			knownRegions = (
				en,
				Base,
			);
			mainGroup = 094DA3E02BB7AECE009BE8BC;
			productRefGroup = 094DA3EA2BB7AECE009BE8BC /* Products */;
			projectDirPath = "";
			projectRoot = "";
			targets = (
				094DA3E82BB7AECE009BE8BC /* Services */,
			);
		};
/* End PBXProject section */

/* Begin PBXResourcesBuildPhase section */
		094DA3E72BB7AECE009BE8BC /* Resources */ = {
			isa = PBXResourcesBuildPhase;
			buildActionMask = 2147483647;
			files = (
				094DA3F92BB7AED0009BE8BC /* LaunchScreen.storyboard in Resources */,
				094DA3F62BB7AED0009BE8BC /* Assets.xcassets in Resources */,
				094DA3F42BB7AECE009BE8BC /* Main.storyboard in Resources */,
			);
			runOnlyForDeploymentPostprocessing = 0;
		};
/* End PBXResourcesBuildPhase section */

/* Begin PBXSourcesBuildPhase section */
		094DA3E52BB7AECE009BE8BC /* Sources */ = {
			isa = PBXSourcesBuildPhase;
			buildActionMask = 2147483647;
			files = (
				094DA4012BB7AF0D009BE8BC /* Router.swift in Sources */,
				094DA4092BB7AF65009BE8BC /* Service.swift in Sources */,
				094DA4052BB7AF35009BE8BC /* TableViewCell.swift in Sources */,
				094DA3F12BB7AECE009BE8BC /* ViewController.swift in Sources */,
				094DA3ED2BB7AECE009BE8BC /* AppDelegate.swift in Sources */,
				094DA4032BB7AF1F009BE8BC /* Interactor.swift in Sources */,
				094DA4072BB7AF50009BE8BC /* Presenter.swift in Sources */,
				094DA3EF2BB7AECE009BE8BC /* SceneDelegate.swift in Sources */,
			);
			runOnlyForDeploymentPostprocessing = 0;
		};
/* End PBXSourcesBuildPhase section */

/* Begin PBXVariantGroup section */
		094DA3F22BB7AECE009BE8BC /* Main.storyboard */ = {
			isa = PBXVariantGroup;
			children = (
				094DA3F32BB7AECE009BE8BC /* Base */,
			);
			name = Main.storyboard;
			sourceTree = "<group>";
		};
		094DA3F72BB7AED0009BE8BC /* LaunchScreen.storyboard */ = {
			isa = PBXVariantGroup;
			children = (
				094DA3F82BB7AED0009BE8BC /* Base */,
			);
			name = LaunchScreen.storyboard;
			sourceTree = "<group>";
		};
/* End PBXVariantGroup section */

/* Begin XCBuildConfiguration section */
		094DA3FB2BB7AED0009BE8BC /* Debug */ = {
			isa = XCBuildConfiguration;
			buildSettings = {
				ALWAYS_SEARCH_USER_PATHS = NO;
				ASSETCATALOG_COMPILER_GENERATE_SWIFT_ASSET_SYMBOL_EXTENSIONS = YES;
				CLANG_ANALYZER_NONNULL = YES;
				CLANG_ANALYZER_NUMBER_OBJECT_CONVERSION = YES_AGGRESSIVE;
				CLANG_CXX_LANGUAGE_STANDARD = "gnu++20";
				CLANG_ENABLE_MODULES = YES;
				CLANG_ENABLE_OBJC_ARC = YES;
				CLANG_ENABLE_OBJC_WEAK = YES;
				CLANG_WARN_BLOCK_CAPTURE_AUTORELEASING = YES;
				CLANG_WARN_BOOL_CONVERSION = YES;
				CLANG_WARN_COMMA = YES;
				CLANG_WARN_CONSTANT_CONVERSION = YES;
				CLANG_WARN_DEPRECATED_OBJC_IMPLEMENTATIONS = YES;
				CLANG_WARN_DIRECT_OBJC_ISA_USAGE = YES_ERROR;
				CLANG_WARN_DOCUMENTATION_COMMENTS = YES;
				CLANG_WARN_EMPTY_BODY = YES;
				CLANG_WARN_ENUM_CONVERSION = YES;
				CLANG_WARN_INFINITE_RECURSION = YES;
				CLANG_WARN_INT_CONVERSION = YES;
				CLANG_WARN_NON_LITERAL_NULL_CONVERSION = YES;
				CLANG_WARN_OBJC_IMPLICIT_RETAIN_SELF = YES;
				CLANG_WARN_OBJC_LITERAL_CONVERSION = YES;
				CLANG_WARN_OBJC_ROOT_CLASS = YES_ERROR;
				CLANG_WARN_QUOTED_INCLUDE_IN_FRAMEWORK_HEADER = YES;
				CLANG_WARN_RANGE_LOOP_ANALYSIS = YES;
				CLANG_WARN_STRICT_PROTOTYPES = YES;
				CLANG_WARN_SUSPICIOUS_MOVE = YES;
				CLANG_WARN_UNGUARDED_AVAILABILITY = YES_AGGRESSIVE;
				CLANG_WARN_UNREACHABLE_CODE = YES;
				CLANG_WARN__DUPLICATE_METHOD_MATCH = YES;
				COPY_PHASE_STRIP = NO;
				DEBUG_INFORMATION_FORMAT = dwarf;
				ENABLE_STRICT_OBJC_MSGSEND = YES;
				ENABLE_TESTABILITY = YES;
				ENABLE_USER_SCRIPT_SANDBOXING = YES;
				GCC_C_LANGUAGE_STANDARD = gnu17;
				GCC_DYNAMIC_NO_PIC = NO;
				GCC_NO_COMMON_BLOCKS = YES;
				GCC_OPTIMIZATION_LEVEL = 0;
				GCC_PREPROCESSOR_DEFINITIONS = (
					"DEBUG=1",
					"$(inherited)",
				);
				GCC_WARN_64_TO_32_BIT_CONVERSION = YES;
				GCC_WARN_ABOUT_RETURN_TYPE = YES_ERROR;
				GCC_WARN_UNDECLARED_SELECTOR = YES;
				GCC_WARN_UNINITIALIZED_AUTOS = YES_AGGRESSIVE;
				GCC_WARN_UNUSED_FUNCTION = YES;
				GCC_WARN_UNUSED_VARIABLE = YES;
				IPHONEOS_DEPLOYMENT_TARGET = 17.2;
				LOCALIZATION_PREFERS_STRING_CATALOGS = YES;
				MTL_ENABLE_DEBUG_INFO = INCLUDE_SOURCE;
				MTL_FAST_MATH = YES;
				ONLY_ACTIVE_ARCH = YES;
				SDKROOT = iphoneos;
				SWIFT_ACTIVE_COMPILATION_CONDITIONS = "DEBUG $(inherited)";
				SWIFT_OPTIMIZATION_LEVEL = "-Onone";
			};
			name = Debug;
		};
		094DA3FC2BB7AED0009BE8BC /* Release */ = {
			isa = XCBuildConfiguration;
			buildSettings = {
				ALWAYS_SEARCH_USER_PATHS = NO;
				ASSETCATALOG_COMPILER_GENERATE_SWIFT_ASSET_SYMBOL_EXTENSIONS = YES;
				CLANG_ANALYZER_NONNULL = YES;
				CLANG_ANALYZER_NUMBER_OBJECT_CONVERSION = YES_AGGRESSIVE;
				CLANG_CXX_LANGUAGE_STANDARD = "gnu++20";
				CLANG_ENABLE_MODULES = YES;
				CLANG_ENABLE_OBJC_ARC = YES;
				CLANG_ENABLE_OBJC_WEAK = YES;
				CLANG_WARN_BLOCK_CAPTURE_AUTORELEASING = YES;
				CLANG_WARN_BOOL_CONVERSION = YES;
				CLANG_WARN_COMMA = YES;
				CLANG_WARN_CONSTANT_CONVERSION = YES;
				CLANG_WARN_DEPRECATED_OBJC_IMPLEMENTATIONS = YES;
				CLANG_WARN_DIRECT_OBJC_ISA_USAGE = YES_ERROR;
				CLANG_WARN_DOCUMENTATION_COMMENTS = YES;
				CLANG_WARN_EMPTY_BODY = YES;
				CLANG_WARN_ENUM_CONVERSION = YES;
				CLANG_WARN_INFINITE_RECURSION = YES;
				CLANG_WARN_INT_CONVERSION = YES;
				CLANG_WARN_NON_LITERAL_NULL_CONVERSION = YES;
				CLANG_WARN_OBJC_IMPLICIT_RETAIN_SELF = YES;
				CLANG_WARN_OBJC_LITERAL_CONVERSION = YES;
				CLANG_WARN_OBJC_ROOT_CLASS = YES_ERROR;
				CLANG_WARN_QUOTED_INCLUDE_IN_FRAMEWORK_HEADER = YES;
				CLANG_WARN_RANGE_LOOP_ANALYSIS = YES;
				CLANG_WARN_STRICT_PROTOTYPES = YES;
				CLANG_WARN_SUSPICIOUS_MOVE = YES;
				CLANG_WARN_UNGUARDED_AVAILABILITY = YES_AGGRESSIVE;
				CLANG_WARN_UNREACHABLE_CODE = YES;
				CLANG_WARN__DUPLICATE_METHOD_MATCH = YES;
				COPY_PHASE_STRIP = NO;
				DEBUG_INFORMATION_FORMAT = "dwarf-with-dsym";
				ENABLE_NS_ASSERTIONS = NO;
				ENABLE_STRICT_OBJC_MSGSEND = YES;
				ENABLE_USER_SCRIPT_SANDBOXING = YES;
				GCC_C_LANGUAGE_STANDARD = gnu17;
				GCC_NO_COMMON_BLOCKS = YES;
				GCC_WARN_64_TO_32_BIT_CONVERSION = YES;
				GCC_WARN_ABOUT_RETURN_TYPE = YES_ERROR;
				GCC_WARN_UNDECLARED_SELECTOR = YES;
				GCC_WARN_UNINITIALIZED_AUTOS = YES_AGGRESSIVE;
				GCC_WARN_UNUSED_FUNCTION = YES;
				GCC_WARN_UNUSED_VARIABLE = YES;
				IPHONEOS_DEPLOYMENT_TARGET = 17.2;
				LOCALIZATION_PREFERS_STRING_CATALOGS = YES;
				MTL_ENABLE_DEBUG_INFO = NO;
				MTL_FAST_MATH = YES;
				SDKROOT = iphoneos;
				SWIFT_COMPILATION_MODE = wholemodule;
				VALIDATE_PRODUCT = YES;
			};
			name = Release;
		};
		094DA3FE2BB7AED0009BE8BC /* Debug */ = {
			isa = XCBuildConfiguration;
			buildSettings = {
				ASSETCATALOG_COMPILER_APPICON_NAME = AppIcon;
				ASSETCATALOG_COMPILER_GLOBAL_ACCENT_COLOR_NAME = AccentColor;
				CODE_SIGN_STYLE = Automatic;
				CURRENT_PROJECT_VERSION = 1;
				DEVELOPMENT_TEAM = W2M7MGUJ4R;
				GENERATE_INFOPLIST_FILE = YES;
				INFOPLIST_FILE = Services/Info.plist;
				INFOPLIST_KEY_UIApplicationSupportsIndirectInputEvents = YES;
				INFOPLIST_KEY_UILaunchStoryboardName = LaunchScreen;
				INFOPLIST_KEY_UIMainStoryboardFile = Main;
				INFOPLIST_KEY_UISupportedInterfaceOrientations_iPad = "UIInterfaceOrientationPortrait UIInterfaceOrientationPortraitUpsideDown UIInterfaceOrientationLandscapeLeft UIInterfaceOrientationLandscapeRight";
				INFOPLIST_KEY_UISupportedInterfaceOrientations_iPhone = "UIInterfaceOrientationPortrait UIInterfaceOrientationLandscapeLeft UIInterfaceOrientationLandscapeRight";
				LD_RUNPATH_SEARCH_PATHS = (
					"$(inherited)",
					"@executable_path/Frameworks",
				);
				MARKETING_VERSION = 1.0;
				PRODUCT_BUNDLE_IDENTIFIER = com.ilya.Services;
				PRODUCT_NAME = "$(TARGET_NAME)";
				SWIFT_EMIT_LOC_STRINGS = YES;
				SWIFT_VERSION = 5.0;
				TARGETED_DEVICE_FAMILY = "1,2";
			};
			name = Debug;
		};
		094DA3FF2BB7AED0009BE8BC /* Release */ = {
			isa = XCBuildConfiguration;
			buildSettings = {
				ASSETCATALOG_COMPILER_APPICON_NAME = AppIcon;
				ASSETCATALOG_COMPILER_GLOBAL_ACCENT_COLOR_NAME = AccentColor;
				CODE_SIGN_STYLE = Automatic;
				CURRENT_PROJECT_VERSION = 1;
				DEVELOPMENT_TEAM = W2M7MGUJ4R;
				GENERATE_INFOPLIST_FILE = YES;
				INFOPLIST_FILE = Services/Info.plist;
				INFOPLIST_KEY_UIApplicationSupportsIndirectInputEvents = YES;
				INFOPLIST_KEY_UILaunchStoryboardName = LaunchScreen;
				INFOPLIST_KEY_UIMainStoryboardFile = Main;
				INFOPLIST_KEY_UISupportedInterfaceOrientations_iPad = "UIInterfaceOrientationPortrait UIInterfaceOrientationPortraitUpsideDown UIInterfaceOrientationLandscapeLeft UIInterfaceOrientationLandscapeRight";
				INFOPLIST_KEY_UISupportedInterfaceOrientations_iPhone = "UIInterfaceOrientationPortrait UIInterfaceOrientationLandscapeLeft UIInterfaceOrientationLandscapeRight";
				LD_RUNPATH_SEARCH_PATHS = (
					"$(inherited)",
					"@executable_path/Frameworks",
				);
				MARKETING_VERSION = 1.0;
				PRODUCT_BUNDLE_IDENTIFIER = com.ilya.Services;
				PRODUCT_NAME = "$(TARGET_NAME)";
				SWIFT_EMIT_LOC_STRINGS = YES;
				SWIFT_VERSION = 5.0;
				TARGETED_DEVICE_FAMILY = "1,2";
			};
			name = Release;
		};
/* End XCBuildConfiguration section */

/* Begin XCConfigurationList section */
		094DA3E42BB7AECE009BE8BC /* Build configuration list for PBXProject "Services" */ = {
			isa = XCConfigurationList;
			buildConfigurations = (
				094DA3FB2BB7AED0009BE8BC /* Debug */,
				094DA3FC2BB7AED0009BE8BC /* Release */,
			);
			defaultConfigurationIsVisible = 0;
			defaultConfigurationName = Release;
		};
		094DA3FD2BB7AED0009BE8BC /* Build configuration list for PBXNativeTarget "Services" */ = {
			isa = XCConfigurationList;
			buildConfigurations = (
				094DA3FE2BB7AED0009BE8BC /* Debug */,
				094DA3FF2BB7AED0009BE8BC /* Release */,
			);
			defaultConfigurationIsVisible = 0;
			defaultConfigurationName = Release;
		};
/* End XCConfigurationList section */
	};
	rootObject = 094DA3E12BB7AECE009BE8BC /* Project object */;
}
